
Microsoft Visual Studio Solution File, Format Version 12.00
# Visual Studio Version 16
VisualStudioVersion = 16.0.28729.10
MinimumVisualStudioVersion = 10.0.40219.1
Project("{8BC9CEB8-8B4A-11D0-8D11-00A0C91BC942}") = "lab4.6", "lab4.6.vcxproj", "{24E0343D-FD23-4009-A158-62E7B658637B}"
EndProject
Global
	GlobalSection(SolutionConfigurationPlatforms) = preSolution
		Debug|x64 = Debug|x64
		Debug|x86 = Debug|x86
		Release|x64 = Release|x64
		Release|x86 = Release|x86
	EndGlobalSection
	GlobalSection(ProjectConfigurationPlatforms) = postSolution
		{24E0343D-FD23-4009-A158-62E7B658637B}.Debug|x64.ActiveCfg = Debug|x64
		{24E0343D-FD23-4009-A158-62E7B658637B}.Debug|x64.Build.0 = Debug|x64
		{24E0343D-FD23-4009-A158-62E7B658637B}.Debug|x86.ActiveCfg = Debug|Win32
		{24E0343D-FD23-4009-A158-62E7B658637B}.Debug|x86.Build.0 = Debug|Win32
		{24E0343D-FD23-4009-A158-62E7B658637B}.Release|x64.ActiveCfg = Release|x64
		{24E0343D-FD23-4009-A158-62E7B658637B}.Release|x64.Build.0 = Release|x64
		{24E0343D-FD23-4009-A158-62E7B658637B}.Release|x86.ActiveCfg = Release|Win32
		{24E0343D-FD23-4009-A158-62E7B658637B}.Release|x86.Build.0 = Release|Win32
	EndGlobalSection
	GlobalSection(SolutionProperties) = preSolution
		HideSolutionNode = FALSE
	EndGlobalSection
	GlobalSection(ExtensibilityGlobals) = postSolution
		SolutionGuid = {5FE89097-6D84-4A9E-AD09-B52D39F6AE9C}
	EndGlobalSection
EndGlobal
